// !$*UTF8*$!
{
	archiveVersion = 1;
	classes = {
	};
	objectVersion = 55;
	objects = {

/* Begin PBXBuildFile section */
		0A7A9E7C28755D090028A243 /* UIColor+Ext.swift in Sources */ = {isa = PBXBuildFile; fileRef = 0A7A9E7B28755D090028A243 /* UIColor+Ext.swift */; };
		0A7A9E7E287684EB0028A243 /* MapView.swift in Sources */ = {isa = PBXBuildFile; fileRef = 0A7A9E7D287684EB0028A243 /* MapView.swift */; };
		0A7A9E802876BEE30028A243 /* ReviewView.swift in Sources */ = {isa = PBXBuildFile; fileRef = 0A7A9E7F2876BEE30028A243 /* ReviewView.swift */; };
		0A7A9E822877D1320028A243 /* NewRestaurantView.swift in Sources */ = {isa = PBXBuildFile; fileRef = 0A7A9E812877D1320028A243 /* NewRestaurantView.swift */; };
		0A7A9E85287825590028A243 /* ImagePicker.swift in Sources */ = {isa = PBXBuildFile; fileRef = 0A7A9E84287825590028A243 /* ImagePicker.swift */; };
		0A9EB88B28729AB300D2D34F /* FoodpinHomeworkApp.swift in Sources */ = {isa = PBXBuildFile; fileRef = 0A9EB88A28729AB300D2D34F /* FoodpinHomeworkApp.swift */; };
		0A9EB88D28729AB300D2D34F /* RestaurantListView.swift in Sources */ = {isa = PBXBuildFile; fileRef = 0A9EB88C28729AB300D2D34F /* RestaurantListView.swift */; };
		0A9EB88F28729AB400D2D34F /* Assets.xcassets in Resources */ = {isa = PBXBuildFile; fileRef = 0A9EB88E28729AB400D2D34F /* Assets.xcassets */; };
		0A9EB89228729AB400D2D34F /* Preview Assets.xcassets in Resources */ = {isa = PBXBuildFile; fileRef = 0A9EB89128729AB400D2D34F /* Preview Assets.xcassets */; };
		0A9EB8992873D2DC00D2D34F /* Restaurant.swift in Sources */ = {isa = PBXBuildFile; fileRef = 0A9EB8982873D2DC00D2D34F /* Restaurant.swift */; };
		0A9EB89E287411AB00D2D34F /* ActivityView.swift in Sources */ = {isa = PBXBuildFile; fileRef = 0A9EB89D287411AB00D2D34F /* ActivityView.swift */; };
		0A9EB8A22874365000D2D34F /* RestaurantDetailView.swift in Sources */ = {isa = PBXBuildFile; fileRef = 0A9EB8A12874365000D2D34F /* RestaurantDetailView.swift */; };
/* End PBXBuildFile section */

/* Begin PBXFileReference section */
		0A7A9E79287558D80028A243 /* Info.plist */ = {isa = PBXFileReference; lastKnownFileType = text.plist; path = Info.plist; sourceTree = "<group>"; };
		0A7A9E7B28755D090028A243 /* UIColor+Ext.swift */ = {isa = PBXFileReference; lastKnownFileType = sourcecode.swift; path = "UIColor+Ext.swift"; sourceTree = "<group>"; };
		0A7A9E7D287684EB0028A243 /* MapView.swift */ = {isa = PBXFileReference; lastKnownFileType = sourcecode.swift; path = MapView.swift; sourceTree = "<group>"; };
		0A7A9E7F2876BEE30028A243 /* ReviewView.swift */ = {isa = PBXFileReference; lastKnownFileType = sourcecode.swift; path = ReviewView.swift; sourceTree = "<group>"; };
		0A7A9E812877D1320028A243 /* NewRestaurantView.swift */ = {isa = PBXFileReference; lastKnownFileType = sourcecode.swift; path = NewRestaurantView.swift; sourceTree = "<group>"; };
		0A7A9E84287825590028A243 /* ImagePicker.swift */ = {isa = PBXFileReference; lastKnownFileType = sourcecode.swift; path = ImagePicker.swift; sourceTree = "<group>"; };
		0A9EB88728729AB300D2D34F /* FoodpinHomework.app */ = {isa = PBXFileReference; explicitFileType = wrapper.application; includeInIndex = 0; path = FoodpinHomework.app; sourceTree = BUILT_PRODUCTS_DIR; };
		0A9EB88A28729AB300D2D34F /* FoodpinHomeworkApp.swift */ = {isa = PBXFileReference; lastKnownFileType = sourcecode.swift; path = FoodpinHomeworkApp.swift; sourceTree = "<group>"; };
		0A9EB88C28729AB300D2D34F /* RestaurantListView.swift */ = {isa = PBXFileReference; lastKnownFileType = sourcecode.swift; path = RestaurantListView.swift; sourceTree = "<group>"; };
		0A9EB88E28729AB400D2D34F /* Assets.xcassets */ = {isa = PBXFileReference; lastKnownFileType = folder.assetcatalog; path = Assets.xcassets; sourceTree = "<group>"; };
		0A9EB89128729AB400D2D34F /* Preview Assets.xcassets */ = {isa = PBXFileReference; lastKnownFileType = folder.assetcatalog; path = "Preview Assets.xcassets"; sourceTree = "<group>"; };
		0A9EB8982873D2DC00D2D34F /* Restaurant.swift */ = {isa = PBXFileReference; lastKnownFileType = sourcecode.swift; path = Restaurant.swift; sourceTree = "<group>"; };
		0A9EB89D287411AB00D2D34F /* ActivityView.swift */ = {isa = PBXFileReference; lastKnownFileType = sourcecode.swift; path = ActivityView.swift; sourceTree = "<group>"; };
		0A9EB8A12874365000D2D34F /* RestaurantDetailView.swift */ = {isa = PBXFileReference; lastKnownFileType = sourcecode.swift; path = RestaurantDetailView.swift; sourceTree = "<group>"; };
/* End PBXFileReference section */

/* Begin PBXFrameworksBuildPhase section */
		0A9EB88428729AB300D2D34F /* Frameworks */ = {
			isa = PBXFrameworksBuildPhase;
			buildActionMask = 2147483647;
			files = (
			);
			runOnlyForDeploymentPostprocessing = 0;
		};
/* End PBXFrameworksBuildPhase section */

/* Begin PBXGroup section */
		0A7A9E7A28755CE20028A243 /* Extensions */ = {
			isa = PBXGroup;
			children = (
				0A7A9E7B28755D090028A243 /* UIColor+Ext.swift */,
			);
			path = Extensions;
			sourceTree = "<group>";
		};
		0A7A9E83287825410028A243 /* Util */ = {
			isa = PBXGroup;
			children = (
				0A7A9E84287825590028A243 /* ImagePicker.swift */,
			);
			path = Util;
			sourceTree = "<group>";
		};
		0A9EB87E28729AB300D2D34F = {
			isa = PBXGroup;
			children = (
				0A9EB88928729AB300D2D34F /* FoodpinHomework */,
				0A9EB88828729AB300D2D34F /* Products */,
			);
			sourceTree = "<group>";
		};
		0A9EB88828729AB300D2D34F /* Products */ = {
			isa = PBXGroup;
			children = (
				0A9EB88728729AB300D2D34F /* FoodpinHomework.app */,
			);
			name = Products;
			sourceTree = "<group>";
		};
		0A9EB88928729AB300D2D34F /* FoodpinHomework */ = {
			isa = PBXGroup;
			children = (
				0A7A9E83287825410028A243 /* Util */,
				0A7A9E7A28755CE20028A243 /* Extensions */,
				0A7A9E79287558D80028A243 /* Info.plist */,
				0A9EB89C2873DEF400D2D34F /* View */,
				0A9EB89B2873DEE600D2D34F /* Model */,
				0A9EB88A28729AB300D2D34F /* FoodpinHomeworkApp.swift */,
				0A9EB88E28729AB400D2D34F /* Assets.xcassets */,
				0A9EB89028729AB400D2D34F /* Preview Content */,
			);
			path = FoodpinHomework;
			sourceTree = "<group>";
		};
		0A9EB89028729AB400D2D34F /* Preview Content */ = {
			isa = PBXGroup;
			children = (
				0A9EB89128729AB400D2D34F /* Preview Assets.xcassets */,
			);
			path = "Preview Content";
			sourceTree = "<group>";
		};
		0A9EB89B2873DEE600D2D34F /* Model */ = {
			isa = PBXGroup;
			children = (
				0A9EB8982873D2DC00D2D34F /* Restaurant.swift */,
			);
			path = Model;
			sourceTree = "<group>";
		};
		0A9EB89C2873DEF400D2D34F /* View */ = {
			isa = PBXGroup;
			children = (
				0A9EB88C28729AB300D2D34F /* RestaurantListView.swift */,
				0A9EB89D287411AB00D2D34F /* ActivityView.swift */,
				0A9EB8A12874365000D2D34F /* RestaurantDetailView.swift */,
				0A7A9E7D287684EB0028A243 /* MapView.swift */,
				0A7A9E7F2876BEE30028A243 /* ReviewView.swift */,
				0A7A9E812877D1320028A243 /* NewRestaurantView.swift */,
			);
			path = View;
			sourceTree = "<group>";
		};
/* End PBXGroup section */

/* Begin PBXNativeTarget section */
		0A9EB88628729AB300D2D34F /* FoodpinHomework */ = {
			isa = PBXNativeTarget;
			buildConfigurationList = 0A9EB89528729AB400D2D34F /* Build configuration list for PBXNativeTarget "FoodpinHomework" */;
			buildPhases = (
				0A9EB88328729AB300D2D34F /* Sources */,
				0A9EB88428729AB300D2D34F /* Frameworks */,
				0A9EB88528729AB300D2D34F /* Resources */,
			);
			buildRules = (
			);
			dependencies = (
			);
			name = FoodpinHomework;
			productName = FoodpinHomework;
			productReference = 0A9EB88728729AB300D2D34F /* FoodpinHomework.app */;
			productType = "com.apple.product-type.application";
		};
/* End PBXNativeTarget section */

/* Begin PBXProject section */
		0A9EB87F28729AB300D2D34F /* Project object */ = {
			isa = PBXProject;
			attributes = {
				BuildIndependentTargetsInParallel = 1;
				LastSwiftUpdateCheck = 1340;
				LastUpgradeCheck = 1340;
				TargetAttributes = {
					0A9EB88628729AB300D2D34F = {
						CreatedOnToolsVersion = 13.4.1;
					};
				};
			};
			buildConfigurationList = 0A9EB88228729AB300D2D34F /* Build configuration list for PBXProject "FoodpinHomework" */;
			compatibilityVersion = "Xcode 13.0";
			developmentRegion = en;
			hasScannedForEncodings = 0;
			knownRegions = (
				en,
				Base,
			);
			mainGroup = 0A9EB87E28729AB300D2D34F;
			productRefGroup = 0A9EB88828729AB300D2D34F /* Products */;
			projectDirPath = "";
			projectRoot = "";
			targets = (
				0A9EB88628729AB300D2D34F /* FoodpinHomework */,
			);
		};
/* End PBXProject section */

/* Begin PBXResourcesBuildPhase section */
		0A9EB88528729AB300D2D34F /* Resources */ = {
			isa = PBXResourcesBuildPhase;
			buildActionMask = 2147483647;
			files = (
				0A9EB89228729AB400D2D34F /* Preview Assets.xcassets in Resources */,
				0A9EB88F28729AB400D2D34F /* Assets.xcassets in Resources */,
			);
			runOnlyForDeploymentPostprocessing = 0;
		};
/* End PBXResourcesBuildPhase section */

/* Begin PBXSourcesBuildPhase section */
		0A9EB88328729AB300D2D34F /* Sources */ = {
			isa = PBXSourcesBuildPhase;
			buildActionMask = 2147483647;
			files = (
				0A7A9E802876BEE30028A243 /* ReviewView.swift in Sources */,
				0A7A9E7E287684EB0028A243 /* MapView.swift in Sources */,
				0A9EB88D28729AB300D2D34F /* RestaurantListView.swift in Sources */,
				0A9EB8A22874365000D2D34F /* RestaurantDetailView.swift in Sources */,
				0A9EB89E287411AB00D2D34F /* ActivityView.swift in Sources */,
				0A7A9E822877D1320028A243 /* NewRestaurantView.swift in Sources */,
				0A7A9E7C28755D090028A243 /* UIColor+Ext.swift in Sources */,
				0A7A9E85287825590028A243 /* ImagePicker.swift in Sources */,
				0A9EB88B28729AB300D2D34F /* FoodpinHomeworkApp.swift in Sources */,
				0A9EB8992873D2DC00D2D34F /* Restaurant.swift in Sources */,
			);
			runOnlyForDeploymentPostprocessing = 0;
		};
/* End PBXSourcesBuildPhase section */

/* Begin XCBuildConfiguration section */
		0A9EB89328729AB400D2D34F /* Debug */ = {
			isa = XCBuildConfiguration;
			buildSettings = {
				ALWAYS_SEARCH_USER_PATHS = NO;
				CLANG_ANALYZER_NONNULL = YES;
				CLANG_ANALYZER_NUMBER_OBJECT_CONVERSION = YES_AGGRESSIVE;
				CLANG_CXX_LANGUAGE_STANDARD = "gnu++17";
				CLANG_ENABLE_MODULES = YES;
				CLANG_ENABLE_OBJC_ARC = YES;
				CLANG_ENABLE_OBJC_WEAK = YES;
				CLANG_WARN_BLOCK_CAPTURE_AUTORELEASING = YES;
				CLANG_WARN_BOOL_CONVERSION = YES;
				CLANG_WARN_COMMA = YES;
				CLANG_WARN_CONSTANT_CONVERSION = YES;
				CLANG_WARN_DEPRECATED_OBJC_IMPLEMENTATIONS = YES;
				CLANG_WARN_DIRECT_OBJC_ISA_USAGE = YES_ERROR;
				CLANG_WARN_DOCUMENTATION_COMMENTS = YES;
				CLANG_WARN_EMPTY_BODY = YES;
				CLANG_WARN_ENUM_CONVERSION = YES;
				CLANG_WARN_INFINITE_RECURSION = YES;
				CLANG_WARN_INT_CONVERSION = YES;
				CLANG_WARN_NON_LITERAL_NULL_CONVERSION = YES;
				CLANG_WARN_OBJC_IMPLICIT_RETAIN_SELF = YES;
				CLANG_WARN_OBJC_LITERAL_CONVERSION = YES;
				CLANG_WARN_OBJC_ROOT_CLASS = YES_ERROR;
				CLANG_WARN_QUOTED_INCLUDE_IN_FRAMEWORK_HEADER = YES;
				CLANG_WARN_RANGE_LOOP_ANALYSIS = YES;
				CLANG_WARN_STRICT_PROTOTYPES = YES;
				CLANG_WARN_SUSPICIOUS_MOVE = YES;
				CLANG_WARN_UNGUARDED_AVAILABILITY = YES_AGGRESSIVE;
				CLANG_WARN_UNREACHABLE_CODE = YES;
				CLANG_WARN__DUPLICATE_METHOD_MATCH = YES;
				COPY_PHASE_STRIP = NO;
				DEBUG_INFORMATION_FORMAT = dwarf;
				ENABLE_STRICT_OBJC_MSGSEND = YES;
				ENABLE_TESTABILITY = YES;
				GCC_C_LANGUAGE_STANDARD = gnu11;
				GCC_DYNAMIC_NO_PIC = NO;
				GCC_NO_COMMON_BLOCKS = YES;
				GCC_OPTIMIZATION_LEVEL = 0;
				GCC_PREPROCESSOR_DEFINITIONS = (
					"DEBUG=1",
					"$(inherited)",
				);
				GCC_WARN_64_TO_32_BIT_CONVERSION = YES;
				GCC_WARN_ABOUT_RETURN_TYPE = YES_ERROR;
				GCC_WARN_UNDECLARED_SELECTOR = YES;
				GCC_WARN_UNINITIALIZED_AUTOS = YES_AGGRESSIVE;
				GCC_WARN_UNUSED_FUNCTION = YES;
				GCC_WARN_UNUSED_VARIABLE = YES;
				IPHONEOS_DEPLOYMENT_TARGET = 15.5;
				MTL_ENABLE_DEBUG_INFO = INCLUDE_SOURCE;
				MTL_FAST_MATH = YES;
				ONLY_ACTIVE_ARCH = YES;
				SDKROOT = iphoneos;
				SWIFT_ACTIVE_COMPILATION_CONDITIONS = DEBUG;
				SWIFT_OPTIMIZATION_LEVEL = "-Onone";
			};
			name = Debug;
		};
		0A9EB89428729AB400D2D34F /* Release */ = {
			isa = XCBuildConfiguration;
			buildSettings = {
				ALWAYS_SEARCH_USER_PATHS = NO;
				CLANG_ANALYZER_NONNULL = YES;
				CLANG_ANALYZER_NUMBER_OBJECT_CONVERSION = YES_AGGRESSIVE;
				CLANG_CXX_LANGUAGE_STANDARD = "gnu++17";
				CLANG_ENABLE_MODULES = YES;
				CLANG_ENABLE_OBJC_ARC = YES;
				CLANG_ENABLE_OBJC_WEAK = YES;
				CLANG_WARN_BLOCK_CAPTURE_AUTORELEASING = YES;
				CLANG_WARN_BOOL_CONVERSION = YES;
				CLANG_WARN_COMMA = YES;
				CLANG_WARN_CONSTANT_CONVERSION = YES;
				CLANG_WARN_DEPRECATED_OBJC_IMPLEMENTATIONS = YES;
				CLANG_WARN_DIRECT_OBJC_ISA_USAGE = YES_ERROR;
				CLANG_WARN_DOCUMENTATION_COMMENTS = YES;
				CLANG_WARN_EMPTY_BODY = YES;
				CLANG_WARN_ENUM_CONVERSION = YES;
				CLANG_WARN_INFINITE_RECURSION = YES;
				CLANG_WARN_INT_CONVERSION = YES;
				CLANG_WARN_NON_LITERAL_NULL_CONVERSION = YES;
				CLANG_WARN_OBJC_IMPLICIT_RETAIN_SELF = YES;
				CLANG_WARN_OBJC_LITERAL_CONVERSION = YES;
				CLANG_WARN_OBJC_ROOT_CLASS = YES_ERROR;
				CLANG_WARN_QUOTED_INCLUDE_IN_FRAMEWORK_HEADER = YES;
				CLANG_WARN_RANGE_LOOP_ANALYSIS = YES;
				CLANG_WARN_STRICT_PROTOTYPES = YES;
				CLANG_WARN_SUSPICIOUS_MOVE = YES;
				CLANG_WARN_UNGUARDED_AVAILABILITY = YES_AGGRESSIVE;
				CLANG_WARN_UNREACHABLE_CODE = YES;
				CLANG_WARN__DUPLICATE_METHOD_MATCH = YES;
				COPY_PHASE_STRIP = NO;
				DEBUG_INFORMATION_FORMAT = "dwarf-with-dsym";
				ENABLE_NS_ASSERTIONS = NO;
				ENABLE_STRICT_OBJC_MSGSEND = YES;
				GCC_C_LANGUAGE_STANDARD = gnu11;
				GCC_NO_COMMON_BLOCKS = YES;
				GCC_WARN_64_TO_32_BIT_CONVERSION = YES;
				GCC_WARN_ABOUT_RETURN_TYPE = YES_ERROR;
				GCC_WARN_UNDECLARED_SELECTOR = YES;
				GCC_WARN_UNINITIALIZED_AUTOS = YES_AGGRESSIVE;
				GCC_WARN_UNUSED_FUNCTION = YES;
				GCC_WARN_UNUSED_VARIABLE = YES;
				IPHONEOS_DEPLOYMENT_TARGET = 15.5;
				MTL_ENABLE_DEBUG_INFO = NO;
				MTL_FAST_MATH = YES;
				SDKROOT = iphoneos;
				SWIFT_COMPILATION_MODE = wholemodule;
				SWIFT_OPTIMIZATION_LEVEL = "-O";
				VALIDATE_PRODUCT = YES;
			};
			name = Release;
		};
		0A9EB89628729AB400D2D34F /* Debug */ = {
			isa = XCBuildConfiguration;
			buildSettings = {
				ASSETCATALOG_COMPILER_APPICON_NAME = AppIcon;
				ASSETCATALOG_COMPILER_GLOBAL_ACCENT_COLOR_NAME = AccentColor;
				CODE_SIGN_STYLE = Automatic;
				CURRENT_PROJECT_VERSION = 1;
				DEVELOPMENT_ASSET_PATHS = "\"FoodpinHomework/Preview Content\"";
				DEVELOPMENT_TEAM = 86DA5PSLD6;
				ENABLE_PREVIEWS = YES;
				GENERATE_INFOPLIST_FILE = YES;
				INFOPLIST_FILE = FoodpinHomework/Info.plist;
				INFOPLIST_KEY_UIApplicationSceneManifest_Generation = YES;
				INFOPLIST_KEY_UIApplicationSupportsIndirectInputEvents = YES;
				INFOPLIST_KEY_UILaunchScreen_Generation = YES;
				INFOPLIST_KEY_UISupportedInterfaceOrientations_iPad = "UIInterfaceOrientationPortrait UIInterfaceOrientationPortraitUpsideDown UIInterfaceOrientationLandscapeLeft UIInterfaceOrientationLandscapeRight";
				INFOPLIST_KEY_UISupportedInterfaceOrientations_iPhone = "UIInterfaceOrientationPortrait UIInterfaceOrientationLandscapeLeft UIInterfaceOrientationLandscapeRight";
				LD_RUNPATH_SEARCH_PATHS = (
					"$(inherited)",
					"@executable_path/Frameworks",
				);
				MARKETING_VERSION = 1.0;
				PRODUCT_BUNDLE_IDENTIFIER = com.abe.FoodpinHomework;
				PRODUCT_NAME = "$(TARGET_NAME)";
				SWIFT_EMIT_LOC_STRINGS = YES;
				SWIFT_VERSION = 5.0;
				TARGETED_DEVICE_FAMILY = "1,2";
			};
			name = Debug;
		};
		0A9EB89728729AB400D2D34F /* Release */ = {
			isa = XCBuildConfiguration;
			buildSettings = {
				ASSETCATALOG_COMPILER_APPICON_NAME = AppIcon;
				ASSETCATALOG_COMPILER_GLOBAL_ACCENT_COLOR_NAME = AccentColor;
				CODE_SIGN_STYLE = Automatic;
				CURRENT_PROJECT_VERSION = 1;
				DEVELOPMENT_ASSET_PATHS = "\"FoodpinHomework/Preview Content\"";
				DEVELOPMENT_TEAM = 86DA5PSLD6;
				ENABLE_PREVIEWS = YES;
				GENERATE_INFOPLIST_FILE = YES;
				INFOPLIST_FILE = FoodpinHomework/Info.plist;
				INFOPLIST_KEY_UIApplicationSceneManifest_Generation = YES;
				INFOPLIST_KEY_UIApplicationSupportsIndirectInputEvents = YES;
				INFOPLIST_KEY_UILaunchScreen_Generation = YES;
				INFOPLIST_KEY_UISupportedInterfaceOrientations_iPad = "UIInterfaceOrientationPortrait UIInterfaceOrientationPortraitUpsideDown UIInterfaceOrientationLandscapeLeft UIInterfaceOrientationLandscapeRight";
				INFOPLIST_KEY_UISupportedInterfaceOrientations_iPhone = "UIInterfaceOrientationPortrait UIInterfaceOrientationLandscapeLeft UIInterfaceOrientationLandscapeRight";
				LD_RUNPATH_SEARCH_PATHS = (
					"$(inherited)",
					"@executable_path/Frameworks",
				);
				MARKETING_VERSION = 1.0;
				PRODUCT_BUNDLE_IDENTIFIER = com.abe.FoodpinHomework;
				PRODUCT_NAME = "$(TARGET_NAME)";
				SWIFT_EMIT_LOC_STRINGS = YES;
				SWIFT_VERSION = 5.0;
				TARGETED_DEVICE_FAMILY = "1,2";
			};
			name = Release;
		};
/* End XCBuildConfiguration section */

/* Begin XCConfigurationList section */
		0A9EB88228729AB300D2D34F /* Build configuration list for PBXProject "FoodpinHomework" */ = {
			isa = XCConfigurationList;
			buildConfigurations = (
				0A9EB89328729AB400D2D34F /* Debug */,
				0A9EB89428729AB400D2D34F /* Release */,
			);
			defaultConfigurationIsVisible = 0;
			defaultConfigurationName = Release;
		};
		0A9EB89528729AB400D2D34F /* Build configuration list for PBXNativeTarget "FoodpinHomework" */ = {
			isa = XCConfigurationList;
			buildConfigurations = (
				0A9EB89628729AB400D2D34F /* Debug */,
				0A9EB89728729AB400D2D34F /* Release */,
			);
			defaultConfigurationIsVisible = 0;
			defaultConfigurationName = Release;
		};
/* End XCConfigurationList section */
	};
	rootObject = 0A9EB87F28729AB300D2D34F /* Project object */;
}
